
Microsoft Visual Studio Solution File, Format Version 12.00
# Visual Studio Version 17
VisualStudioVersion = 17.7.34221.43
MinimumVisualStudioVersion = 10.0.40219.1
Project("{FAE04EC0-301F-11D3-BF4B-00C04F79EFBC}") = "StudentsWebApp", "StudentsWebApp\StudentsWebApp.csproj", "{D90CEAA7-D3FB-4729-BCDF-E1DC4EDF3FF0}"
EndProject
Project("{FAE04EC0-301F-11D3-BF4B-00C04F79EFBC}") = "StudentsWebAppTests", "StudentsWebAppTests\StudentsWebAppTests.csproj", "{0F6F177C-DDF0-4068-B36D-A78E36408213}"
EndProject
Global
	GlobalSection(SolutionConfigurationPlatforms) = preSolution
		Debug|Any CPU = Debug|Any CPU
		Release|Any CPU = Release|Any CPU
	EndGlobalSection
	GlobalSection(ProjectConfigurationPlatforms) = postSolution
		{D90CEAA7-D3FB-4729-BCDF-E1DC4EDF3FF0}.Debug|Any CPU.ActiveCfg = Debug|Any CPU
		{D90CEAA7-D3FB-4729-BCDF-E1DC4EDF3FF0}.Debug|Any CPU.Build.0 = Debug|Any CPU
		{D90CEAA7-D3FB-4729-BCDF-E1DC4EDF3FF0}.Release|Any CPU.ActiveCfg = Release|Any CPU
		{D90CEAA7-D3FB-4729-BCDF-E1DC4EDF3FF0}.Release|Any CPU.Build.0 = Release|Any CPU
		{0F6F177C-DDF0-4068-B36D-A78E36408213}.Debug|Any CPU.ActiveCfg = Debug|Any CPU
		{0F6F177C-DDF0-4068-B36D-A78E36408213}.Debug|Any CPU.Build.0 = Debug|Any CPU
		{0F6F177C-DDF0-4068-B36D-A78E36408213}.Release|Any CPU.ActiveCfg = Release|Any CPU
		{0F6F177C-DDF0-4068-B36D-A78E36408213}.Release|Any CPU.Build.0 = Release|Any CPU
	EndGlobalSection
	GlobalSection(SolutionProperties) = preSolution
		HideSolutionNode = FALSE
	EndGlobalSection
	GlobalSection(ExtensibilityGlobals) = postSolution
		SolutionGuid = {120A0E90-1F51-4D6D-9319-E4B7635464C9}
	EndGlobalSection
EndGlobal
